
Microsoft Visual Studio Solution File, Format Version 12.00
# Visual Studio Version 17
VisualStudioVersion = 17.10.34928.147
MinimumVisualStudioVersion = 10.0.40219.1
Project("{FAE04EC0-301F-11D3-BF4B-00C04F79EFBC}") = "eokul", "eokul\eokul.csproj", "{3F677DCE-B3BE-41D4-A876-D9B11C7C337A}"
EndProject
Global
	GlobalSection(SolutionConfigurationPlatforms) = preSolution
		Debug|Any CPU = Debug|Any CPU
		Release|Any CPU = Release|Any CPU
	EndGlobalSection
	GlobalSection(ProjectConfigurationPlatforms) = postSolution
		{3F677DCE-B3BE-41D4-A876-D9B11C7C337A}.Debug|Any CPU.ActiveCfg = Debug|Any CPU
		{3F677DCE-B3BE-41D4-A876-D9B11C7C337A}.Debug|Any CPU.Build.0 = Debug|Any CPU
		{3F677DCE-B3BE-41D4-A876-D9B11C7C337A}.Release|Any CPU.ActiveCfg = Release|Any CPU
		{3F677DCE-B3BE-41D4-A876-D9B11C7C337A}.Release|Any CPU.Build.0 = Release|Any CPU
	EndGlobalSection
	GlobalSection(SolutionProperties) = preSolution
		HideSolutionNode = FALSE
	EndGlobalSection
	GlobalSection(ExtensibilityGlobals) = postSolution
		SolutionGuid = {AFD6E768-495B-4FDD-B8C7-2155EDC3B054}
	EndGlobalSection
EndGlobal
